
Microsoft Visual Studio Solution File, Format Version 12.00
# Visual Studio Version 18
VisualStudioVersion = 18.4.11626.88
MinimumVisualStudioVersion = 10.0.40219.1
Project("{2150E333-8FDC-42A3-9474-1A3956D46DE8}") = "src", "src", "{827E0CD3-B72D-47B6-A68D-7590B98EB39B}"
EndProject
Project("{FAE04EC0-301F-11D3-BF4B-00C04F79EFBC}") = "CSharpModulith.AppHost", "src\CSharpModulith.AppHost\CSharpModulith.AppHost.csproj", "{7CDCF470-E277-4B3C-AF77-27F1A9701CE4}"
EndProject
Project("{FAE04EC0-301F-11D3-BF4B-00C04F79EFBC}") = "CSharpModulith.Host", "src\CSharpModulith.Host\CSharpModulith.Host.csproj", "{0968606D-10F0-4973-8C2B-3150B5CA8AFC}"
EndProject
Project("{FAE04EC0-301F-11D3-BF4B-00C04F79EFBC}") = "CSharpModulith.ServiceDefaults", "src\CSharpModulith.ServiceDefaults\CSharpModulith.ServiceDefaults.csproj", "{1E070336-AE17-41E0-BC60-5CF37538E969}"
EndProject
Project("{FAE04EC0-301F-11D3-BF4B-00C04F79EFBC}") = "CSharpModulith.Shared", "src\CSharpModulith.Shared\CSharpModulith.Shared.csproj", "{E5192FD4-4CA7-4960-8713-7ADA5FAC9C72}"
EndProject
Project("{FAE04EC0-301F-11D3-BF4B-00C04F79EFBC}") = "CSharpModulith.Capability.Order", "src\CSharpModulith.Capability.Order\CSharpModulith.Capability.Order.csproj", "{FCC57B0C-A1B6-4A1A-9867-040500C6CA0D}"
EndProject
Project("{FAE04EC0-301F-11D3-BF4B-00C04F79EFBC}") = "CSharpModulith.Capability.Payment", "src\CSharpModulith.Capability.Payment\CSharpModulith.Capability.Payment.csproj", "{CF1666AA-9C7A-4C5B-B3BE-65E1E6C0DA9A}"
EndProject
Project("{FAE04EC0-301F-11D3-BF4B-00C04F79EFBC}") = "CSharpModulith.Capability.Todos", "src\CSharpModulith.Capability.Todos\CSharpModulith.Capability.Todos.csproj", "{E3B2F4A0-7C8D-4E1F-9A2B-3D4C5E6F7081}"
EndProject
Project("{2150E333-8FDC-42A3-9474-1A3956D46DE8}") = "tests", "tests", "{0AB3BF05-4346-4AA6-1389-037BE0695223}"
EndProject
Project("{2150E333-8FDC-42A3-9474-1A3956D46DE8}") = "Capability", "Capability", "{D37D3519-F34D-96F9-66BB-718BEDD8BF2C}"
EndProject
Project("{2150E333-8FDC-42A3-9474-1A3956D46DE8}") = "Order", "Order", "{339BEF0C-6B89-B513-27EC-5D8D85C10626}"
EndProject
Project("{FAE04EC0-301F-11D3-BF4B-00C04F79EFBC}") = "CSharpModulith.Capability.Order.Tests", "tests\Capability\Order\CSharpModulith.Capability.Order.Tests\CSharpModulith.Capability.Order.Tests.csproj", "{CA69307F-C5FA-4885-B7B3-6C073D7A1823}"
EndProject
Project("{2150E333-8FDC-42A3-9474-1A3956D46DE8}") = "Payment", "Payment", "{AC3EB1D5-011C-36EE-6335-C6E313C9B680}"
EndProject
Project("{FAE04EC0-301F-11D3-BF4B-00C04F79EFBC}") = "CSharpModulith.Capability.Payment.Tests", "tests\Capability\Payment\CSharpModulith.Capability.Payment.Tests\CSharpModulith.Capability.Payment.Tests.csproj", "{7A57760E-2FD6-4C03-ACB5-EDA4066CFE1D}"
EndProject
Project("{2150E333-8FDC-42A3-9474-1A3956D46DE8}") = "Todos", "Todos", "{F4C3D5B1-8D9E-4F2A-0B3C-4E5D6F708192}"
EndProject
Project("{FAE04EC0-301F-11D3-BF4B-00C04F79EFBC}") = "CSharpModulith.Capability.Todos.Tests", "tests\Capability\Todos\CSharpModulith.Capability.Todos.Tests\CSharpModulith.Capability.Todos.Tests.csproj", "{E3B2F4A0-7C8D-4E1F-9A2B-3D4C5E6F7082}"
EndProject
Project("{2150E333-8FDC-42A3-9474-1A3956D46DE8}") = "Architecture", "Architecture", "{875CD587-DE2F-08EE-74FB-D6BE4E474EF3}"
EndProject
Project("{FAE04EC0-301F-11D3-BF4B-00C04F79EFBC}") = "CSharpModulith.Architecture.Tests", "tests\Architecture\CSharpModulith.Architecture.Tests\CSharpModulith.Architecture.Tests.csproj", "{3ADA7D1E-67CD-40FF-B781-B79D7C478ACD}"
EndProject
Global
	GlobalSection(SolutionConfigurationPlatforms) = preSolution
		Debug|Any CPU = Debug|Any CPU
		Debug|x64 = Debug|x64
		Debug|x86 = Debug|x86
		Release|Any CPU = Release|Any CPU
		Release|x64 = Release|x64
		Release|x86 = Release|x86
	EndGlobalSection
	GlobalSection(ProjectConfigurationPlatforms) = postSolution
		{7CDCF470-E277-4B3C-AF77-27F1A9701CE4}.Debug|Any CPU.ActiveCfg = Debug|Any CPU
		{7CDCF470-E277-4B3C-AF77-27F1A9701CE4}.Debug|Any CPU.Build.0 = Debug|Any CPU
		{7CDCF470-E277-4B3C-AF77-27F1A9701CE4}.Debug|x64.ActiveCfg = Debug|Any CPU
		{7CDCF470-E277-4B3C-AF77-27F1A9701CE4}.Debug|x64.Build.0 = Debug|Any CPU
		{7CDCF470-E277-4B3C-AF77-27F1A9701CE4}.Debug|x86.ActiveCfg = Debug|Any CPU
		{7CDCF470-E277-4B3C-AF77-27F1A9701CE4}.Debug|x86.Build.0 = Debug|Any CPU
		{7CDCF470-E277-4B3C-AF77-27F1A9701CE4}.Release|Any CPU.ActiveCfg = Release|Any CPU
		{7CDCF470-E277-4B3C-AF77-27F1A9701CE4}.Release|Any CPU.Build.0 = Release|Any CPU
		{7CDCF470-E277-4B3C-AF77-27F1A9701CE4}.Release|x64.ActiveCfg = Release|Any CPU
		{7CDCF470-E277-4B3C-AF77-27F1A9701CE4}.Release|x64.Build.0 = Release|Any CPU
		{7CDCF470-E277-4B3C-AF77-27F1A9701CE4}.Release|x86.ActiveCfg = Release|Any CPU
		{7CDCF470-E277-4B3C-AF77-27F1A9701CE4}.Release|x86.Build.0 = Release|Any CPU
		{0968606D-10F0-4973-8C2B-3150B5CA8AFC}.Debug|Any CPU.ActiveCfg = Debug|Any CPU
		{0968606D-10F0-4973-8C2B-3150B5CA8AFC}.Debug|Any CPU.Build.0 = Debug|Any CPU
		{0968606D-10F0-4973-8C2B-3150B5CA8AFC}.Debug|x64.ActiveCfg = Debug|Any CPU
		{0968606D-10F0-4973-8C2B-3150B5CA8AFC}.Debug|x64.Build.0 = Debug|Any CPU
		{0968606D-10F0-4973-8C2B-3150B5CA8AFC}.Debug|x86.ActiveCfg = Debug|Any CPU
		{0968606D-10F0-4973-8C2B-3150B5CA8AFC}.Debug|x86.Build.0 = Debug|Any CPU
		{0968606D-10F0-4973-8C2B-3150B5CA8AFC}.Release|Any CPU.ActiveCfg = Release|Any CPU
		{0968606D-10F0-4973-8C2B-3150B5CA8AFC}.Release|Any CPU.Build.0 = Release|Any CPU
		{0968606D-10F0-4973-8C2B-3150B5CA8AFC}.Release|x64.ActiveCfg = Release|Any CPU
		{0968606D-10F0-4973-8C2B-3150B5CA8AFC}.Release|x64.Build.0 = Release|Any CPU
		{0968606D-10F0-4973-8C2B-3150B5CA8AFC}.Release|x86.ActiveCfg = Release|Any CPU
		{0968606D-10F0-4973-8C2B-3150B5CA8AFC}.Release|x86.Build.0 = Release|Any CPU
		{1E070336-AE17-41E0-BC60-5CF37538E969}.Debug|Any CPU.ActiveCfg = Debug|Any CPU
		{1E070336-AE17-41E0-BC60-5CF37538E969}.Debug|Any CPU.Build.0 = Debug|Any CPU
		{1E070336-AE17-41E0-BC60-5CF37538E969}.Debug|x64.ActiveCfg = Debug|Any CPU
		{1E070336-AE17-41E0-BC60-5CF37538E969}.Debug|x64.Build.0 = Debug|Any CPU
		{1E070336-AE17-41E0-BC60-5CF37538E969}.Debug|x86.ActiveCfg = Debug|Any CPU
		{1E070336-AE17-41E0-BC60-5CF37538E969}.Debug|x86.Build.0 = Debug|Any CPU
		{1E070336-AE17-41E0-BC60-5CF37538E969}.Release|Any CPU.ActiveCfg = Release|Any CPU
		{1E070336-AE17-41E0-BC60-5CF37538E969}.Release|Any CPU.Build.0 = Release|Any CPU
		{1E070336-AE17-41E0-BC60-5CF37538E969}.Release|x64.ActiveCfg = Release|Any CPU
		{1E070336-AE17-41E0-BC60-5CF37538E969}.Release|x64.Build.0 = Release|Any CPU
		{1E070336-AE17-41E0-BC60-5CF37538E969}.Release|x86.ActiveCfg = Release|Any CPU
		{1E070336-AE17-41E0-BC60-5CF37538E969}.Release|x86.Build.0 = Release|Any CPU
		{E5192FD4-4CA7-4960-8713-7ADA5FAC9C72}.Debug|Any CPU.ActiveCfg = Debug|Any CPU
		{E5192FD4-4CA7-4960-8713-7ADA5FAC9C72}.Debug|Any CPU.Build.0 = Debug|Any CPU
		{E5192FD4-4CA7-4960-8713-7ADA5FAC9C72}.Debug|x64.ActiveCfg = Debug|Any CPU
		{E5192FD4-4CA7-4960-8713-7ADA5FAC9C72}.Debug|x64.Build.0 = Debug|Any CPU
		{E5192FD4-4CA7-4960-8713-7ADA5FAC9C72}.Debug|x86.ActiveCfg = Debug|Any CPU
		{E5192FD4-4CA7-4960-8713-7ADA5FAC9C72}.Debug|x86.Build.0 = Debug|Any CPU
		{E5192FD4-4CA7-4960-8713-7ADA5FAC9C72}.Release|Any CPU.ActiveCfg = Release|Any CPU
		{E5192FD4-4CA7-4960-8713-7ADA5FAC9C72}.Release|Any CPU.Build.0 = Release|Any CPU
		{E5192FD4-4CA7-4960-8713-7ADA5FAC9C72}.Release|x64.ActiveCfg = Release|Any CPU
		{E5192FD4-4CA7-4960-8713-7ADA5FAC9C72}.Release|x64.Build.0 = Release|Any CPU
		{E5192FD4-4CA7-4960-8713-7ADA5FAC9C72}.Release|x86.ActiveCfg = Release|Any CPU
		{E5192FD4-4CA7-4960-8713-7ADA5FAC9C72}.Release|x86.Build.0 = Release|Any CPU
		{FCC57B0C-A1B6-4A1A-9867-040500C6CA0D}.Debug|Any CPU.ActiveCfg = Debug|Any CPU
		{FCC57B0C-A1B6-4A1A-9867-040500C6CA0D}.Debug|Any CPU.Build.0 = Debug|Any CPU
		{FCC57B0C-A1B6-4A1A-9867-040500C6CA0D}.Debug|x64.ActiveCfg = Debug|Any CPU
		{FCC57B0C-A1B6-4A1A-9867-040500C6CA0D}.Debug|x64.Build.0 = Debug|Any CPU
		{FCC57B0C-A1B6-4A1A-9867-040500C6CA0D}.Debug|x86.ActiveCfg = Debug|Any CPU
		{FCC57B0C-A1B6-4A1A-9867-040500C6CA0D}.Debug|x86.Build.0 = Debug|Any CPU
		{FCC57B0C-A1B6-4A1A-9867-040500C6CA0D}.Release|Any CPU.ActiveCfg = Release|Any CPU
		{FCC57B0C-A1B6-4A1A-9867-040500C6CA0D}.Release|Any CPU.Build.0 = Release|Any CPU
		{FCC57B0C-A1B6-4A1A-9867-040500C6CA0D}.Release|x64.ActiveCfg = Release|Any CPU
		{FCC57B0C-A1B6-4A1A-9867-040500C6CA0D}.Release|x64.Build.0 = Release|Any CPU
		{FCC57B0C-A1B6-4A1A-9867-040500C6CA0D}.Release|x86.ActiveCfg = Release|Any CPU
		{FCC57B0C-A1B6-4A1A-9867-040500C6CA0D}.Release|x86.Build.0 = Release|Any CPU
		{CF1666AA-9C7A-4C5B-B3BE-65E1E6C0DA9A}.Debug|Any CPU.ActiveCfg = Debug|Any CPU
		{CF1666AA-9C7A-4C5B-B3BE-65E1E6C0DA9A}.Debug|Any CPU.Build.0 = Debug|Any CPU
		{CF1666AA-9C7A-4C5B-B3BE-65E1E6C0DA9A}.Debug|x64.ActiveCfg = Debug|Any CPU
		{CF1666AA-9C7A-4C5B-B3BE-65E1E6C0DA9A}.Debug|x64.Build.0 = Debug|Any CPU
		{CF1666AA-9C7A-4C5B-B3BE-65E1E6C0DA9A}.Debug|x86.ActiveCfg = Debug|Any CPU
		{CF1666AA-9C7A-4C5B-B3BE-65E1E6C0DA9A}.Debug|x86.Build.0 = Debug|Any CPU
		{CF1666AA-9C7A-4C5B-B3BE-65E1E6C0DA9A}.Release|Any CPU.ActiveCfg = Release|Any CPU
		{CF1666AA-9C7A-4C5B-B3BE-65E1E6C0DA9A}.Release|Any CPU.Build.0 = Release|Any CPU
		{CF1666AA-9C7A-4C5B-B3BE-65E1E6C0DA9A}.Release|x64.ActiveCfg = Release|Any CPU
		{CF1666AA-9C7A-4C5B-B3BE-65E1E6C0DA9A}.Release|x64.Build.0 = Release|Any CPU
		{CF1666AA-9C7A-4C5B-B3BE-65E1E6C0DA9A}.Release|x86.ActiveCfg = Release|Any CPU
		{CF1666AA-9C7A-4C5B-B3BE-65E1E6C0DA9A}.Release|x86.Build.0 = Release|Any CPU
		{E3B2F4A0-7C8D-4E1F-9A2B-3D4C5E6F7081}.Debug|Any CPU.ActiveCfg = Debug|Any CPU
		{E3B2F4A0-7C8D-4E1F-9A2B-3D4C5E6F7081}.Debug|Any CPU.Build.0 = Debug|Any CPU
		{E3B2F4A0-7C8D-4E1F-9A2B-3D4C5E6F7081}.Debug|x64.ActiveCfg = Debug|Any CPU
		{E3B2F4A0-7C8D-4E1F-9A2B-3D4C5E6F7081}.Debug|x64.Build.0 = Debug|Any CPU
		{E3B2F4A0-7C8D-4E1F-9A2B-3D4C5E6F7081}.Debug|x86.ActiveCfg = Debug|Any CPU
		{E3B2F4A0-7C8D-4E1F-9A2B-3D4C5E6F7081}.Debug|x86.Build.0 = Debug|Any CPU
		{E3B2F4A0-7C8D-4E1F-9A2B-3D4C5E6F7081}.Release|Any CPU.ActiveCfg = Release|Any CPU
		{E3B2F4A0-7C8D-4E1F-9A2B-3D4C5E6F7081}.Release|Any CPU.Build.0 = Release|Any CPU
		{E3B2F4A0-7C8D-4E1F-9A2B-3D4C5E6F7081}.Release|x64.ActiveCfg = Release|Any CPU
		{E3B2F4A0-7C8D-4E1F-9A2B-3D4C5E6F7081}.Release|x64.Build.0 = Release|Any CPU
		{E3B2F4A0-7C8D-4E1F-9A2B-3D4C5E6F7081}.Release|x86.ActiveCfg = Release|Any CPU
		{E3B2F4A0-7C8D-4E1F-9A2B-3D4C5E6F7081}.Release|x86.Build.0 = Release|Any CPU
		{CA69307F-C5FA-4885-B7B3-6C073D7A1823}.Debug|Any CPU.ActiveCfg = Debug|Any CPU
		{CA69307F-C5FA-4885-B7B3-6C073D7A1823}.Debug|Any CPU.Build.0 = Debug|Any CPU
		{CA69307F-C5FA-4885-B7B3-6C073D7A1823}.Debug|x64.ActiveCfg = Debug|Any CPU
		{CA69307F-C5FA-4885-B7B3-6C073D7A1823}.Debug|x64.Build.0 = Debug|Any CPU
		{CA69307F-C5FA-4885-B7B3-6C073D7A1823}.Debug|x86.ActiveCfg = Debug|Any CPU
		{CA69307F-C5FA-4885-B7B3-6C073D7A1823}.Debug|x86.Build.0 = Debug|Any CPU
		{CA69307F-C5FA-4885-B7B3-6C073D7A1823}.Release|Any CPU.ActiveCfg = Release|Any CPU
		{CA69307F-C5FA-4885-B7B3-6C073D7A1823}.Release|Any CPU.Build.0 = Release|Any CPU
		{CA69307F-C5FA-4885-B7B3-6C073D7A1823}.Release|x64.ActiveCfg = Release|Any CPU
		{CA69307F-C5FA-4885-B7B3-6C073D7A1823}.Release|x64.Build.0 = Release|Any CPU
		{CA69307F-C5FA-4885-B7B3-6C073D7A1823}.Release|x86.ActiveCfg = Release|Any CPU
		{CA69307F-C5FA-4885-B7B3-6C073D7A1823}.Release|x86.Build.0 = Release|Any CPU
		{7A57760E-2FD6-4C03-ACB5-EDA4066CFE1D}.Debug|Any CPU.ActiveCfg = Debug|Any CPU
		{7A57760E-2FD6-4C03-ACB5-EDA4066CFE1D}.Debug|Any CPU.Build.0 = Debug|Any CPU
		{7A57760E-2FD6-4C03-ACB5-EDA4066CFE1D}.Debug|x64.ActiveCfg = Debug|Any CPU
		{7A57760E-2FD6-4C03-ACB5-EDA4066CFE1D}.Debug|x64.Build.0 = Debug|Any CPU
		{7A57760E-2FD6-4C03-ACB5-EDA4066CFE1D}.Debug|x86.ActiveCfg = Debug|Any CPU
		{7A57760E-2FD6-4C03-ACB5-EDA4066CFE1D}.Debug|x86.Build.0 = Debug|Any CPU
		{7A57760E-2FD6-4C03-ACB5-EDA4066CFE1D}.Release|Any CPU.ActiveCfg = Release|Any CPU
		{7A57760E-2FD6-4C03-ACB5-EDA4066CFE1D}.Release|Any CPU.Build.0 = Release|Any CPU
		{7A57760E-2FD6-4C03-ACB5-EDA4066CFE1D}.Release|x64.ActiveCfg = Release|Any CPU
		{7A57760E-2FD6-4C03-ACB5-EDA4066CFE1D}.Release|x64.Build.0 = Release|Any CPU
		{7A57760E-2FD6-4C03-ACB5-EDA4066CFE1D}.Release|x86.ActiveCfg = Release|Any CPU
		{7A57760E-2FD6-4C03-ACB5-EDA4066CFE1D}.Release|x86.Build.0 = Release|Any CPU
		{E3B2F4A0-7C8D-4E1F-9A2B-3D4C5E6F7082}.Debug|Any CPU.ActiveCfg = Debug|Any CPU
		{E3B2F4A0-7C8D-4E1F-9A2B-3D4C5E6F7082}.Debug|Any CPU.Build.0 = Debug|Any CPU
		{E3B2F4A0-7C8D-4E1F-9A2B-3D4C5E6F7082}.Debug|x64.ActiveCfg = Debug|Any CPU
		{E3B2F4A0-7C8D-4E1F-9A2B-3D4C5E6F7082}.Debug|x64.Build.0 = Debug|Any CPU
		{E3B2F4A0-7C8D-4E1F-9A2B-3D4C5E6F7082}.Debug|x86.ActiveCfg = Debug|Any CPU
		{E3B2F4A0-7C8D-4E1F-9A2B-3D4C5E6F7082}.Debug|x86.Build.0 = Debug|Any CPU
		{E3B2F4A0-7C8D-4E1F-9A2B-3D4C5E6F7082}.Release|Any CPU.ActiveCfg = Release|Any CPU
		{E3B2F4A0-7C8D-4E1F-9A2B-3D4C5E6F7082}.Release|Any CPU.Build.0 = Release|Any CPU
		{E3B2F4A0-7C8D-4E1F-9A2B-3D4C5E6F7082}.Release|x64.ActiveCfg = Release|Any CPU
		{E3B2F4A0-7C8D-4E1F-9A2B-3D4C5E6F7082}.Release|x64.Build.0 = Release|Any CPU
		{E3B2F4A0-7C8D-4E1F-9A2B-3D4C5E6F7082}.Release|x86.ActiveCfg = Release|Any CPU
		{E3B2F4A0-7C8D-4E1F-9A2B-3D4C5E6F7082}.Release|x86.Build.0 = Release|Any CPU
		{3ADA7D1E-67CD-40FF-B781-B79D7C478ACD}.Debug|Any CPU.ActiveCfg = Debug|Any CPU
		{3ADA7D1E-67CD-40FF-B781-B79D7C478ACD}.Debug|Any CPU.Build.0 = Debug|Any CPU
		{3ADA7D1E-67CD-40FF-B781-B79D7C478ACD}.Debug|x64.ActiveCfg = Debug|Any CPU
		{3ADA7D1E-67CD-40FF-B781-B79D7C478ACD}.Debug|x64.Build.0 = Debug|Any CPU
		{3ADA7D1E-67CD-40FF-B781-B79D7C478ACD}.Debug|x86.ActiveCfg = Debug|Any CPU
		{3ADA7D1E-67CD-40FF-B781-B79D7C478ACD}.Debug|x86.Build.0 = Debug|Any CPU
		{3ADA7D1E-67CD-40FF-B781-B79D7C478ACD}.Release|Any CPU.ActiveCfg = Release|Any CPU
		{3ADA7D1E-67CD-40FF-B781-B79D7C478ACD}.Release|Any CPU.Build.0 = Release|Any CPU
		{3ADA7D1E-67CD-40FF-B781-B79D7C478ACD}.Release|x64.ActiveCfg = Release|Any CPU
		{3ADA7D1E-67CD-40FF-B781-B79D7C478ACD}.Release|x64.Build.0 = Release|Any CPU
		{3ADA7D1E-67CD-40FF-B781-B79D7C478ACD}.Release|x86.ActiveCfg = Release|Any CPU
		{3ADA7D1E-67CD-40FF-B781-B79D7C478ACD}.Release|x86.Build.0 = Release|Any CPU
	EndGlobalSection
	GlobalSection(SolutionProperties) = preSolution
		HideSolutionNode = FALSE
	EndGlobalSection
	GlobalSection(NestedProjects) = preSolution
		{7CDCF470-E277-4B3C-AF77-27F1A9701CE4} = {827E0CD3-B72D-47B6-A68D-7590B98EB39B}
		{0968606D-10F0-4973-8C2B-3150B5CA8AFC} = {827E0CD3-B72D-47B6-A68D-7590B98EB39B}
		{1E070336-AE17-41E0-BC60-5CF37538E969} = {827E0CD3-B72D-47B6-A68D-7590B98EB39B}
		{E5192FD4-4CA7-4960-8713-7ADA5FAC9C72} = {827E0CD3-B72D-47B6-A68D-7590B98EB39B}
		{FCC57B0C-A1B6-4A1A-9867-040500C6CA0D} = {827E0CD3-B72D-47B6-A68D-7590B98EB39B}
		{CF1666AA-9C7A-4C5B-B3BE-65E1E6C0DA9A} = {827E0CD3-B72D-47B6-A68D-7590B98EB39B}
		{E3B2F4A0-7C8D-4E1F-9A2B-3D4C5E6F7081} = {827E0CD3-B72D-47B6-A68D-7590B98EB39B}
		{D37D3519-F34D-96F9-66BB-718BEDD8BF2C} = {0AB3BF05-4346-4AA6-1389-037BE0695223}
		{339BEF0C-6B89-B513-27EC-5D8D85C10626} = {D37D3519-F34D-96F9-66BB-718BEDD8BF2C}
		{CA69307F-C5FA-4885-B7B3-6C073D7A1823} = {339BEF0C-6B89-B513-27EC-5D8D85C10626}
		{AC3EB1D5-011C-36EE-6335-C6E313C9B680} = {D37D3519-F34D-96F9-66BB-718BEDD8BF2C}
		{7A57760E-2FD6-4C03-ACB5-EDA4066CFE1D} = {AC3EB1D5-011C-36EE-6335-C6E313C9B680}
		{F4C3D5B1-8D9E-4F2A-0B3C-4E5D6F708192} = {D37D3519-F34D-96F9-66BB-718BEDD8BF2C}
		{E3B2F4A0-7C8D-4E1F-9A2B-3D4C5E6F7082} = {F4C3D5B1-8D9E-4F2A-0B3C-4E5D6F708192}
		{875CD587-DE2F-08EE-74FB-D6BE4E474EF3} = {0AB3BF05-4346-4AA6-1389-037BE0695223}
		{3ADA7D1E-67CD-40FF-B781-B79D7C478ACD} = {875CD587-DE2F-08EE-74FB-D6BE4E474EF3}
	EndGlobalSection
EndGlobal
